Microsoft Visual Studio Solution File, Format Version 12.00
# Visual Studio 14
VisualStudioVersion = 14.0.25420.1
MinimumVisualStudioVersion = 10.0.40219.1
Project("{2150E333-8FDC-42A3-9474-1A3956D46DE8}") = "stuff", "stuff", "{1ABDD7C1-1F8D-402D-8692-3E4B66962DE0}"
	ProjectSection(SolutionItems) = preProject
		CHANGELOG.md = CHANGELOG.md
		CONTRIBUTING.md = CONTRIBUTING.md
		LICENSE.md = LICENSE.md
		README.md = README.md
	EndProjectSection
EndProject
Project("{FAE04EC0-301F-11D3-BF4B-00C04F79EFBC}") = "Rebus.Unity", "Rebus.Unity\Rebus.Unity.csproj", "{D5B6A01E-FA27-4769-A40B-0F84ADC29984}"
EndProject
Project("{FAE04EC0-301F-11D3-BF4B-00C04F79EFBC}") = "Rebus.Unity.Tests", "Rebus.Unity.Tests\Rebus.Unity.Tests.csproj", "{CF5A5C90-478B-46D4-A082-847AC3A76DBA}"
EndProject
Global
	GlobalSection(SolutionConfigurationPlatforms) = preSolution
		Debug|Any CPU = Debug|Any CPU
		Release|Any CPU = Release|Any CPU
	EndGlobalSection
	GlobalSection(ProjectConfigurationPlatforms) = postSolution
		{D5B6A01E-FA27-4769-A40B-0F84ADC29984}.Debug|Any CPU.ActiveCfg = Debug|Any CPU
		{D5B6A01E-FA27-4769-A40B-0F84ADC29984}.Debug|Any CPU.Build.0 = Debug|Any CPU
		{D5B6A01E-FA27-4769-A40B-0F84ADC29984}.Release|Any CPU.ActiveCfg = Release|Any CPU
		{D5B6A01E-FA27-4769-A40B-0F84ADC29984}.Release|Any CPU.Build.0 = Release|Any CPU
		{CF5A5C90-478B-46D4-A082-847AC3A76DBA}.Debug|Any CPU.ActiveCfg = Debug|Any CPU
		{CF5A5C90-478B-46D4-A082-847AC3A76DBA}.Debug|Any CPU.Build.0 = Debug|Any CPU
		{CF5A5C90-478B-46D4-A082-847AC3A76DBA}.Release|Any CPU.ActiveCfg = Release|Any CPU
		{CF5A5C90-478B-46D4-A082-847AC3A76DBA}.Release|Any CPU.Build.0 = Release|Any CPU
	EndGlobalSection
	GlobalSection(SolutionProperties) = preSolution
		HideSolutionNode = FALSE
	EndGlobalSection
EndGlobal
